
Microsoft Visual Studio Solution File, Format Version 12.00
# Visual Studio 2012
Project("{FAE04EC0-301F-11D3-BF4B-00C04F79EFBC}") = "Security.Rights.Reporting", "Security.Rights.Reporting\Security.Rights.Reporting.csproj", "{CBF396A7-C66F-447A-B0BF-17A172FF5B05}"
EndProject
Global
	GlobalSection(SolutionConfigurationPlatforms) = preSolution
		Debug|Any CPU = Debug|Any CPU
		Release|Any CPU = Release|Any CPU
	EndGlobalSection
	GlobalSection(ProjectConfigurationPlatforms) = postSolution
		{CBF396A7-C66F-447A-B0BF-17A172FF5B05}.Debug|Any CPU.ActiveCfg = Debug|Any CPU
		{CBF396A7-C66F-447A-B0BF-17A172FF5B05}.Debug|Any CPU.Build.0 = Debug|Any CPU
		{CBF396A7-C66F-447A-B0BF-17A172FF5B05}.Release|Any CPU.ActiveCfg = Release|Any CPU
		{CBF396A7-C66F-447A-B0BF-17A172FF5B05}.Release|Any CPU.Build.0 = Release|Any CPU
	EndGlobalSection
	GlobalSection(SolutionProperties) = preSolution
		HideSolutionNode = FALSE
	EndGlobalSection
EndGlobal
